
Microsoft Visual Studio Solution File, Format Version 12.00
# Visual Studio 14
VisualStudioVersion = 14.0.25420.1
MinimumVisualStudioVersion = 10.0.40219.1
Project("{FAE04EC0-301F-11D3-BF4B-00C04F79EFBC}") = "Autobots", "Autobots\Autobots.csproj", "{C98DBE58-330A-421B-A591-9759657AACB5}"
EndProject
Project("{FAE04EC0-301F-11D3-BF4B-00C04F79EFBC}") = "Autobots.Entities", "Autobots.Entities\Autobots.Entities.csproj", "{2ACC05F7-A906-4670-8F06-44F10018FBE3}"
EndProject
Project("{FAE04EC0-301F-11D3-BF4B-00C04F79EFBC}") = "Autobots.BLL", "Autobots.BLL\Autobots.BLL.csproj", "{DFEE6979-DD15-4980-B09C-22AE3057F58E}"
EndProject
Global
	GlobalSection(SolutionConfigurationPlatforms) = preSolution
		Debug|Any CPU = Debug|Any CPU
		Release|Any CPU = Release|Any CPU
	EndGlobalSection
	GlobalSection(ProjectConfigurationPlatforms) = postSolution
		{C98DBE58-330A-421B-A591-9759657AACB5}.Debug|Any CPU.ActiveCfg = Debug|Any CPU
		{C98DBE58-330A-421B-A591-9759657AACB5}.Debug|Any CPU.Build.0 = Debug|Any CPU
		{C98DBE58-330A-421B-A591-9759657AACB5}.Release|Any CPU.ActiveCfg = Release|Any CPU
		{C98DBE58-330A-421B-A591-9759657AACB5}.Release|Any CPU.Build.0 = Release|Any CPU
		{2ACC05F7-A906-4670-8F06-44F10018FBE3}.Debug|Any CPU.ActiveCfg = Debug|Any CPU
		{2ACC05F7-A906-4670-8F06-44F10018FBE3}.Debug|Any CPU.Build.0 = Debug|Any CPU
		{2ACC05F7-A906-4670-8F06-44F10018FBE3}.Release|Any CPU.ActiveCfg = Release|Any CPU
		{2ACC05F7-A906-4670-8F06-44F10018FBE3}.Release|Any CPU.Build.0 = Release|Any CPU
		{DFEE6979-DD15-4980-B09C-22AE3057F58E}.Debug|Any CPU.ActiveCfg = Debug|Any CPU
		{DFEE6979-DD15-4980-B09C-22AE3057F58E}.Debug|Any CPU.Build.0 = Debug|Any CPU
		{DFEE6979-DD15-4980-B09C-22AE3057F58E}.Release|Any CPU.ActiveCfg = Release|Any CPU
		{DFEE6979-DD15-4980-B09C-22AE3057F58E}.Release|Any CPU.Build.0 = Release|Any CPU
	EndGlobalSection
	GlobalSection(SolutionProperties) = preSolution
		HideSolutionNode = FALSE
	EndGlobalSection
	GlobalSection(TeamFoundationVersionControl) = preSolution
		SccNumberOfProjects = 4
		SccEnterpriseProvider = {4CA58AB2-18FA-4F8D-95D4-32DDF27D184C}
		SccTeamFoundationServer = https://justfadistudio.visualstudio.com/
		SccLocalPath0 = .
		SccProjectUniqueName1 = Autobots.BLL\\Autobots.BLL.csproj
		SccProjectName1 = Autobots.BLL
		SccLocalPath1 = Autobots.BLL
		SccProjectUniqueName2 = Autobots.Entities\\Autobots.Entities.csproj
		SccProjectName2 = Autobots.Entities
		SccLocalPath2 = Autobots.Entities
		SccProjectUniqueName3 = Autobots\\Autobots.csproj
		SccProjectName3 = Autobots
		SccLocalPath3 = Autobots
	EndGlobalSection
EndGlobal
